// !$*UTF8*$!
{
	archiveVersion = 1;
	classes = {
	};
	objectVersion = 48;
	objects = {

/* Begin PBXBuildFile section */
		381DDB270EC35A749DD32A21 /* Pods_WeLearnTests.framework in Frameworks */ = {isa = PBXBuildFile; fileRef = 2C418D03CF9393DD533B627B /* Pods_WeLearnTests.framework */; };
		755A8D5D4929A68F5E677AAA /* Pods_WeLearn.framework in Frameworks */ = {isa = PBXBuildFile; fileRef = AAF2A760FDD691A7C35BFAD0 /* Pods_WeLearn.framework */; };
		AC8803F9206329D8008D79F6 /* AppDelegate.swift in Sources */ = {isa = PBXBuildFile; fileRef = AC8803F8206329D8008D79F6 /* AppDelegate.swift */; };
		AC8803FE206329D8008D79F6 /* Main.storyboard in Resources */ = {isa = PBXBuildFile; fileRef = AC8803FC206329D8008D79F6 /* Main.storyboard */; };
		AC880400206329D8008D79F6 /* Assets.xcassets in Resources */ = {isa = PBXBuildFile; fileRef = AC8803FF206329D8008D79F6 /* Assets.xcassets */; };
		AC880403206329D8008D79F6 /* LaunchScreen.storyboard in Resources */ = {isa = PBXBuildFile; fileRef = AC880401206329D8008D79F6 /* LaunchScreen.storyboard */; };
		AC88040E206329D8008D79F6 /* WeLearnTests.swift in Sources */ = {isa = PBXBuildFile; fileRef = AC88040D206329D8008D79F6 /* WeLearnTests.swift */; };
		AC88041B20632A6D008D79F6 /* HomeVC.swift in Sources */ = {isa = PBXBuildFile; fileRef = AC88041A20632A6D008D79F6 /* HomeVC.swift */; };
		AC88041E20632EE3008D79F6 /* GradientView.swift in Sources */ = {isa = PBXBuildFile; fileRef = AC88041D20632EE3008D79F6 /* GradientView.swift */; };
		AC8804242063513F008D79F6 /* HomeVCCell.swift in Sources */ = {isa = PBXBuildFile; fileRef = AC8804232063513F008D79F6 /* HomeVCCell.swift */; };
		AC88042620635334008D79F6 /* TopicVC.swift in Sources */ = {isa = PBXBuildFile; fileRef = AC88042520635334008D79F6 /* TopicVC.swift */; };
		AC8804282063595D008D79F6 /* CourseCell.swift in Sources */ = {isa = PBXBuildFile; fileRef = AC8804272063595D008D79F6 /* CourseCell.swift */; };
		AC88042B20636104008D79F6 /* UIImage.swift in Sources */ = {isa = PBXBuildFile; fileRef = AC88042A20636104008D79F6 /* UIImage.swift */; };
		AC88042D2063636C008D79F6 /* CollectionViewCell.swift in Sources */ = {isa = PBXBuildFile; fileRef = AC88042C2063636C008D79F6 /* CollectionViewCell.swift */; };
		AC88042F20636535008D79F6 /* UIView.swift in Sources */ = {isa = PBXBuildFile; fileRef = AC88042E20636535008D79F6 /* UIView.swift */; };
		AC8804312064775F008D79F6 /* TutorialVC.swift in Sources */ = {isa = PBXBuildFile; fileRef = AC8804302064775F008D79F6 /* TutorialVC.swift */; };
		AC88043320647ECB008D79F6 /* TutorialTextCell.swift in Sources */ = {isa = PBXBuildFile; fileRef = AC88043220647ECB008D79F6 /* TutorialTextCell.swift */; };
		AC88043520647EF0008D79F6 /* TuorialTableViewCell.swift in Sources */ = {isa = PBXBuildFile; fileRef = AC88043420647EF0008D79F6 /* TuorialTableViewCell.swift */; };
		AC8804372064821A008D79F6 /* GoogleService-Info.plist in Resources */ = {isa = PBXBuildFile; fileRef = AC8804362064821A008D79F6 /* GoogleService-Info.plist */; };
/* End PBXBuildFile section */

/* Begin PBXContainerItemProxy section */
		AC88040A206329D8008D79F6 /* PBXContainerItemProxy */ = {
			isa = PBXContainerItemProxy;
			containerPortal = AC8803ED206329D8008D79F6 /* Project object */;
			proxyType = 1;
			remoteGlobalIDString = AC8803F4206329D8008D79F6;
			remoteInfo = WeLearn;
		};
/* End PBXContainerItemProxy section */

/* Begin PBXFileReference section */
		0C4383C3B96375C751515E33 /* Pods-WeLearnTests.debug.xcconfig */ = {isa = PBXFileReference; includeInIndex = 1; lastKnownFileType = text.xcconfig; name = "Pods-WeLearnTests.debug.xcconfig"; path = "Pods/Target Support Files/Pods-WeLearnTests/Pods-WeLearnTests.debug.xcconfig"; sourceTree = "<group>"; };
		14753AD3499E2980712C1AF1 /* Pods-WeLearn.release.xcconfig */ = {isa = PBXFileReference; includeInIndex = 1; lastKnownFileType = text.xcconfig; name = "Pods-WeLearn.release.xcconfig"; path = "Pods/Target Support Files/Pods-WeLearn/Pods-WeLearn.release.xcconfig"; sourceTree = "<group>"; };
		2C418D03CF9393DD533B627B /* Pods_WeLearnTests.framework */ = {isa = PBXFileReference; explicitFileType = wrapper.framework; includeInIndex = 0; path = Pods_WeLearnTests.framework; sourceTree = BUILT_PRODUCTS_DIR; };
		AAF2A760FDD691A7C35BFAD0 /* Pods_WeLearn.framework */ = {isa = PBXFileReference; explicitFileType = wrapper.framework; includeInIndex = 0; path = Pods_WeLearn.framework; sourceTree = BUILT_PRODUCTS_DIR; };
		AC8803F5206329D8008D79F6 /* WeLearn.app */ = {isa = PBXFileReference; explicitFileType = wrapper.application; includeInIndex = 0; path = WeLearn.app; sourceTree = BUILT_PRODUCTS_DIR; };
		AC8803F8206329D8008D79F6 /* AppDelegate.swift */ = {isa = PBXFileReference; lastKnownFileType = sourcecode.swift; path = AppDelegate.swift; sourceTree = "<group>"; };
		AC8803FD206329D8008D79F6 /* Base */ = {isa = PBXFileReference; lastKnownFileType = file.storyboard; name = Base; path = Base.lproj/Main.storyboard; sourceTree = "<group>"; };
		AC8803FF206329D8008D79F6 /* Assets.xcassets */ = {isa = PBXFileReference; lastKnownFileType = folder.assetcatalog; path = Assets.xcassets; sourceTree = "<group>"; };
		AC880402206329D8008D79F6 /* Base */ = {isa = PBXFileReference; lastKnownFileType = file.storyboard; name = Base; path = Base.lproj/LaunchScreen.storyboard; sourceTree = "<group>"; };
		AC880404206329D8008D79F6 /* Info.plist */ = {isa = PBXFileReference; lastKnownFileType = text.plist.xml; path = Info.plist; sourceTree = "<group>"; };
		AC880409206329D8008D79F6 /* WeLearnTests.xctest */ = {isa = PBXFileReference; explicitFileType = wrapper.cfbundle; includeInIndex = 0; path = WeLearnTests.xctest; sourceTree = BUILT_PRODUCTS_DIR; };
		AC88040D206329D8008D79F6 /* WeLearnTests.swift */ = {isa = PBXFileReference; lastKnownFileType = sourcecode.swift; path = WeLearnTests.swift; sourceTree = "<group>"; };
		AC88040F206329D9008D79F6 /* Info.plist */ = {isa = PBXFileReference; lastKnownFileType = text.plist.xml; path = Info.plist; sourceTree = "<group>"; };
		AC88041A20632A6D008D79F6 /* HomeVC.swift */ = {isa = PBXFileReference; lastKnownFileType = sourcecode.swift; path = HomeVC.swift; sourceTree = "<group>"; };
		AC88041D20632EE3008D79F6 /* GradientView.swift */ = {isa = PBXFileReference; lastKnownFileType = sourcecode.swift; path = GradientView.swift; sourceTree = "<group>"; };
		AC8804232063513F008D79F6 /* HomeVCCell.swift */ = {isa = PBXFileReference; lastKnownFileType = sourcecode.swift; path = HomeVCCell.swift; sourceTree = "<group>"; };
		AC88042520635334008D79F6 /* TopicVC.swift */ = {isa = PBXFileReference; lastKnownFileType = sourcecode.swift; path = TopicVC.swift; sourceTree = "<group>"; };
		AC8804272063595D008D79F6 /* CourseCell.swift */ = {isa = PBXFileReference; lastKnownFileType = sourcecode.swift; path = CourseCell.swift; sourceTree = "<group>"; };
		AC88042A20636104008D79F6 /* UIImage.swift */ = {isa = PBXFileReference; lastKnownFileType = sourcecode.swift; path = UIImage.swift; sourceTree = "<group>"; };
		AC88042C2063636C008D79F6 /* CollectionViewCell.swift */ = {isa = PBXFileReference; lastKnownFileType = sourcecode.swift; path = CollectionViewCell.swift; sourceTree = "<group>"; };
		AC88042E20636535008D79F6 /* UIView.swift */ = {isa = PBXFileReference; lastKnownFileType = sourcecode.swift; path = UIView.swift; sourceTree = "<group>"; };
		AC8804302064775F008D79F6 /* TutorialVC.swift */ = {isa = PBXFileReference; lastKnownFileType = sourcecode.swift; path = TutorialVC.swift; sourceTree = "<group>"; };
		AC88043220647ECB008D79F6 /* TutorialTextCell.swift */ = {isa = PBXFileReference; lastKnownFileType = sourcecode.swift; path = TutorialTextCell.swift; sourceTree = "<group>"; };
		AC88043420647EF0008D79F6 /* TuorialTableViewCell.swift */ = {isa = PBXFileReference; lastKnownFileType = sourcecode.swift; path = TuorialTableViewCell.swift; sourceTree = "<group>"; };
		AC8804362064821A008D79F6 /* GoogleService-Info.plist */ = {isa = PBXFileReference; fileEncoding = 4; lastKnownFileType = text.plist.xml; path = "GoogleService-Info.plist"; sourceTree = "<group>"; };
		CC1EA0A655B68DE0E8B2782B /* Pods-WeLearnTests.release.xcconfig */ = {isa = PBXFileReference; includeInIndex = 1; lastKnownFileType = text.xcconfig; name = "Pods-WeLearnTests.release.xcconfig"; path = "Pods/Target Support Files/Pods-WeLearnTests/Pods-WeLearnTests.release.xcconfig"; sourceTree = "<group>"; };
		E0E6B1039CF27474FB80E516 /* Pods-WeLearn.debug.xcconfig */ = {isa = PBXFileReference; includeInIndex = 1; lastKnownFileType = text.xcconfig; name = "Pods-WeLearn.debug.xcconfig"; path = "Pods/Target Support Files/Pods-WeLearn/Pods-WeLearn.debug.xcconfig"; sourceTree = "<group>"; };
/* End PBXFileReference section */

/* Begin PBXFrameworksBuildPhase section */
		AC8803F2206329D8008D79F6 /* Frameworks */ = {
			isa = PBXFrameworksBuildPhase;
			buildActionMask = 2147483647;
			files = (
				755A8D5D4929A68F5E677AAA /* Pods_WeLearn.framework in Frameworks */,
			);
			runOnlyForDeploymentPostprocessing = 0;
		};
		AC880406206329D8008D79F6 /* Frameworks */ = {
			isa = PBXFrameworksBuildPhase;
			buildActionMask = 2147483647;
			files = (
				381DDB270EC35A749DD32A21 /* Pods_WeLearnTests.framework in Frameworks */,
			);
			runOnlyForDeploymentPostprocessing = 0;
		};
/* End PBXFrameworksBuildPhase section */

/* Begin PBXGroup section */
		299B06C45C401243ED044F8A /* Pods */ = {
			isa = PBXGroup;
			children = (
				E0E6B1039CF27474FB80E516 /* Pods-WeLearn.debug.xcconfig */,
				14753AD3499E2980712C1AF1 /* Pods-WeLearn.release.xcconfig */,
				0C4383C3B96375C751515E33 /* Pods-WeLearnTests.debug.xcconfig */,
				CC1EA0A655B68DE0E8B2782B /* Pods-WeLearnTests.release.xcconfig */,
			);
			name = Pods;
			sourceTree = "<group>";
		};
		6E2AF3058432C4A776513432 /* Frameworks */ = {
			isa = PBXGroup;
			children = (
				AAF2A760FDD691A7C35BFAD0 /* Pods_WeLearn.framework */,
				2C418D03CF9393DD533B627B /* Pods_WeLearnTests.framework */,
			);
			name = Frameworks;
			sourceTree = "<group>";
		};
		AC8803EC206329D8008D79F6 = {
			isa = PBXGroup;
			children = (
				AC8803F7206329D8008D79F6 /* WeLearn */,
				AC88040C206329D8008D79F6 /* WeLearnTests */,
				AC8803F6206329D8008D79F6 /* Products */,
				299B06C45C401243ED044F8A /* Pods */,
				6E2AF3058432C4A776513432 /* Frameworks */,
			);
			sourceTree = "<group>";
		};
		AC8803F6206329D8008D79F6 /* Products */ = {
			isa = PBXGroup;
			children = (
				AC8803F5206329D8008D79F6 /* WeLearn.app */,
				AC880409206329D8008D79F6 /* WeLearnTests.xctest */,
			);
			name = Products;
			sourceTree = "<group>";
		};
		AC8803F7206329D8008D79F6 /* WeLearn */ = {
			isa = PBXGroup;
			children = (
				AC880429206360EE008D79F6 /* Extensions */,
				AC8804222063510A008D79F6 /* Controllers */,
				AC88042120635102008D79F6 /* Models */,
				AC880420206350F3008D79F6 /* Views */,
				AC88041F2063404F008D79F6 /* Gonts */,
				AC88041C20632ECC008D79F6 /* Utilities */,
				AC8803F8206329D8008D79F6 /* AppDelegate.swift */,
				AC8803FC206329D8008D79F6 /* Main.storyboard */,
				AC8803FF206329D8008D79F6 /* Assets.xcassets */,
				AC880401206329D8008D79F6 /* LaunchScreen.storyboard */,
				AC8804362064821A008D79F6 /* GoogleService-Info.plist */,
				AC880404206329D8008D79F6 /* Info.plist */,
			);
			path = WeLearn;
			sourceTree = "<group>";
		};
		AC88040C206329D8008D79F6 /* WeLearnTests */ = {
			isa = PBXGroup;
			children = (
				AC88040D206329D8008D79F6 /* WeLearnTests.swift */,
				AC88040F206329D9008D79F6 /* Info.plist */,
			);
			path = WeLearnTests;
			sourceTree = "<group>";
		};
		AC88041C20632ECC008D79F6 /* Utilities */ = {
			isa = PBXGroup;
			children = (
				AC88041D20632EE3008D79F6 /* GradientView.swift */,
			);
			path = Utilities;
			sourceTree = "<group>";
		};
		AC88041F2063404F008D79F6 /* Gonts */ = {
			isa = PBXGroup;
			children = (
			);
			path = Gonts;
			sourceTree = "<group>";
		};
		AC880420206350F3008D79F6 /* Views */ = {
			isa = PBXGroup;
			children = (
				AC8804232063513F008D79F6 /* HomeVCCell.swift */,
				AC8804272063595D008D79F6 /* CourseCell.swift */,
				AC88043220647ECB008D79F6 /* TutorialTextCell.swift */,
				AC88043420647EF0008D79F6 /* TuorialTableViewCell.swift */,
			);
			path = Views;
			sourceTree = "<group>";
		};
		AC88042120635102008D79F6 /* Models */ = {
			isa = PBXGroup;
			children = (
			);
			path = Models;
			sourceTree = "<group>";
		};
		AC8804222063510A008D79F6 /* Controllers */ = {
			isa = PBXGroup;
			children = (
				AC88041A20632A6D008D79F6 /* HomeVC.swift */,
				AC88042520635334008D79F6 /* TopicVC.swift */,
				AC8804302064775F008D79F6 /* TutorialVC.swift */,
			);
			path = Controllers;
			sourceTree = "<group>";
		};
		AC880429206360EE008D79F6 /* Extensions */ = {
			isa = PBXGroup;
			children = (
				AC88042A20636104008D79F6 /* UIImage.swift */,
				AC88042C2063636C008D79F6 /* CollectionViewCell.swift */,
				AC88042E20636535008D79F6 /* UIView.swift */,
			);
			path = Extensions;
			sourceTree = "<group>";
		};
/* End PBXGroup section */

/* Begin PBXNativeTarget section */
		AC8803F4206329D8008D79F6 /* WeLearn */ = {
			isa = PBXNativeTarget;
			buildConfigurationList = AC880412206329D9008D79F6 /* Build configuration list for PBXNativeTarget "WeLearn" */;
			buildPhases = (
				DA00B752B604EDEAB8AA100F /* [CP] Check Pods Manifest.lock */,
				AC8803F1206329D8008D79F6 /* Sources */,
				AC8803F2206329D8008D79F6 /* Frameworks */,
				AC8803F3206329D8008D79F6 /* Resources */,
				4FF8BB2FE7BC29EBE436F98A /* [CP] Embed Pods Frameworks */,
				2A19CDC0E7934B80F9AB99F7 /* [CP] Copy Pods Resources */,
			);
			buildRules = (
			);
			dependencies = (
			);
			name = WeLearn;
			productName = WeLearn;
			productReference = AC8803F5206329D8008D79F6 /* WeLearn.app */;
			productType = "com.apple.product-type.application";
		};
		AC880408206329D8008D79F6 /* WeLearnTests */ = {
			isa = PBXNativeTarget;
			buildConfigurationList = AC880415206329D9008D79F6 /* Build configuration list for PBXNativeTarget "WeLearnTests" */;
			buildPhases = (
				53F08B21F8DF6AF4A03C61EA /* [CP] Check Pods Manifest.lock */,
				AC880405206329D8008D79F6 /* Sources */,
				AC880406206329D8008D79F6 /* Frameworks */,
				AC880407206329D8008D79F6 /* Resources */,
				39BA0E7C4BBA532BFA5251E4 /* [CP] Embed Pods Frameworks */,
				0F6D4D291808B01A5808D8CD /* [CP] Copy Pods Resources */,
			);
			buildRules = (
			);
			dependencies = (
				AC88040B206329D8008D79F6 /* PBXTargetDependency */,
			);
			name = WeLearnTests;
			productName = WeLearnTests;
			productReference = AC880409206329D8008D79F6 /* WeLearnTests.xctest */;
			productType = "com.apple.product-type.bundle.unit-test";
		};
/* End PBXNativeTarget section */

/* Begin PBXProject section */
		AC8803ED206329D8008D79F6 /* Project object */ = {
			isa = PBXProject;
			attributes = {
				LastSwiftUpdateCheck = 0920;
				LastUpgradeCheck = 0920;
				ORGANIZATIONNAME = "Alisher Abdukarimov";
				TargetAttributes = {
					AC8803F4206329D8008D79F6 = {
						CreatedOnToolsVersion = 9.2;
						ProvisioningStyle = Automatic;
					};
					AC880408206329D8008D79F6 = {
						CreatedOnToolsVersion = 9.2;
						ProvisioningStyle = Automatic;
						TestTargetID = AC8803F4206329D8008D79F6;
					};
				};
			};
			buildConfigurationList = AC8803F0206329D8008D79F6 /* Build configuration list for PBXProject "WeLearn" */;
			compatibilityVersion = "Xcode 8.0";
			developmentRegion = en;
			hasScannedForEncodings = 0;
			knownRegions = (
				en,
				Base,
			);
			mainGroup = AC8803EC206329D8008D79F6;
			productRefGroup = AC8803F6206329D8008D79F6 /* Products */;
			projectDirPath = "";
			projectRoot = "";
			targets = (
				AC8803F4206329D8008D79F6 /* WeLearn */,
				AC880408206329D8008D79F6 /* WeLearnTests */,
			);
		};
/* End PBXProject section */

/* Begin PBXResourcesBuildPhase section */
		AC8803F3206329D8008D79F6 /* Resources */ = {
			isa = PBXResourcesBuildPhase;
			buildActionMask = 2147483647;
			files = (
				AC880403206329D8008D79F6 /* LaunchScreen.storyboard in Resources */,
				AC8804372064821A008D79F6 /* GoogleService-Info.plist in Resources */,
				AC880400206329D8008D79F6 /* Assets.xcassets in Resources */,
				AC8803FE206329D8008D79F6 /* Main.storyboard in Resources */,
			);
			runOnlyForDeploymentPostprocessing = 0;
		};
		AC880407206329D8008D79F6 /* Resources */ = {
			isa = PBXResourcesBuildPhase;
			buildActionMask = 2147483647;
			files = (
			);
			runOnlyForDeploymentPostprocessing = 0;
		};
/* End PBXResourcesBuildPhase section */

/* Begin PBXShellScriptBuildPhase section */
		0F6D4D291808B01A5808D8CD /* [CP] Copy Pods Resources */ = {
			isa = PBXShellScriptBuildPhase;
			buildActionMask = 2147483647;
			files = (
			);
			inputPaths = (
			);
			name = "[CP] Copy Pods Resources";
			outputPaths = (
			);
			runOnlyForDeploymentPostprocessing = 0;
			shellPath = /bin/sh;
			shellScript = "\"${SRCROOT}/Pods/Target Support Files/Pods-WeLearnTests/Pods-WeLearnTests-resources.sh\"\n";
			showEnvVarsInLog = 0;
		};
		2A19CDC0E7934B80F9AB99F7 /* [CP] Copy Pods Resources */ = {
			isa = PBXShellScriptBuildPhase;
			buildActionMask = 2147483647;
			files = (
			);
			inputPaths = (
			);
			name = "[CP] Copy Pods Resources";
			outputPaths = (
			);
			runOnlyForDeploymentPostprocessing = 0;
			shellPath = /bin/sh;
			shellScript = "\"${SRCROOT}/Pods/Target Support Files/Pods-WeLearn/Pods-WeLearn-resources.sh\"\n";
			showEnvVarsInLog = 0;
		};
		39BA0E7C4BBA532BFA5251E4 /* [CP] Embed Pods Frameworks */ = {
			isa = PBXShellScriptBuildPhase;
			buildActionMask = 2147483647;
			files = (
			);
			inputPaths = (
			);
			name = "[CP] Embed Pods Frameworks";
			outputPaths = (
			);
			runOnlyForDeploymentPostprocessing = 0;
			shellPath = /bin/sh;
			shellScript = "\"${SRCROOT}/Pods/Target Support Files/Pods-WeLearnTests/Pods-WeLearnTests-frameworks.sh\"\n";
			showEnvVarsInLog = 0;
		};
		4FF8BB2FE7BC29EBE436F98A /* [CP] Embed Pods Frameworks */ = {
			isa = PBXShellScriptBuildPhase;
			buildActionMask = 2147483647;
			files = (
			);
			inputPaths = (
				"${SRCROOT}/Pods/Target Support Files/Pods-WeLearn/Pods-WeLearn-frameworks.sh",
				"${BUILT_PRODUCTS_DIR}/GoogleToolboxForMac/GoogleToolboxForMac.framework",
				"${BUILT_PRODUCTS_DIR}/nanopb/nanopb.framework",
			);
			name = "[CP] Embed Pods Frameworks";
			outputPaths = (
				"${TARGET_BUILD_DIR}/${FRAMEWORKS_FOLDER_PATH}/GoogleToolboxForMac.framework",
				"${TARGET_BUILD_DIR}/${FRAMEWORKS_FOLDER_PATH}/nanopb.framework",
			);
			runOnlyForDeploymentPostprocessing = 0;
			shellPath = /bin/sh;
			shellScript = "\"${SRCROOT}/Pods/Target Support Files/Pods-WeLearn/Pods-WeLearn-frameworks.sh\"\n";
			showEnvVarsInLog = 0;
		};
		53F08B21F8DF6AF4A03C61EA /* [CP] Check Pods Manifest.lock */ = {
			isa = PBXShellScriptBuildPhase;
			buildActionMask = 2147483647;
			files = (
			);
			inputPaths = (
				"${PODS_PODFILE_DIR_PATH}/Podfile.lock",
				"${PODS_ROOT}/Manifest.lock",
			);
			name = "[CP] Check Pods Manifest.lock";
			outputPaths = (
				"$(DERIVED_FILE_DIR)/Pods-WeLearnTests-checkManifestLockResult.txt",
			);
			runOnlyForDeploymentPostprocessing = 0;
			shellPath = /bin/sh;
			shellScript = "diff \"${PODS_PODFILE_DIR_PATH}/Podfile.lock\" \"${PODS_ROOT}/Manifest.lock\" > /dev/null\nif [ $? != 0 ] ; then\n    # print error to STDERR\n    echo \"error: The sandbox is not in sync with the Podfile.lock. Run 'pod install' or update your CocoaPods installation.\" >&2\n    exit 1\nfi\n# This output is used by Xcode 'outputs' to avoid re-running this script phase.\necho \"SUCCESS\" > \"${SCRIPT_OUTPUT_FILE_0}\"\n";
			showEnvVarsInLog = 0;
		};
		DA00B752B604EDEAB8AA100F /* [CP] Check Pods Manifest.lock */ = {
			isa = PBXShellScriptBuildPhase;
			buildActionMask = 2147483647;
			files = (
			);
			inputPaths = (
				"${PODS_PODFILE_DIR_PATH}/Podfile.lock",
				"${PODS_ROOT}/Manifest.lock",
			);
			name = "[CP] Check Pods Manifest.lock";
			outputPaths = (
				"$(DERIVED_FILE_DIR)/Pods-WeLearn-checkManifestLockResult.txt",
			);
			runOnlyForDeploymentPostprocessing = 0;
			shellPath = /bin/sh;
			shellScript = "diff \"${PODS_PODFILE_DIR_PATH}/Podfile.lock\" \"${PODS_ROOT}/Manifest.lock\" > /dev/null\nif [ $? != 0 ] ; then\n    # print error to STDERR\n    echo \"error: The sandbox is not in sync with the Podfile.lock. Run 'pod install' or update your CocoaPods installation.\" >&2\n    exit 1\nfi\n# This output is used by Xcode 'outputs' to avoid re-running this script phase.\necho \"SUCCESS\" > \"${SCRIPT_OUTPUT_FILE_0}\"\n";
			showEnvVarsInLog = 0;
		};
/* End PBXShellScriptBuildPhase section */

/* Begin PBXSourcesBuildPhase section */
		AC8803F1206329D8008D79F6 /* Sources */ = {
			isa = PBXSourcesBuildPhase;
			buildActionMask = 2147483647;
			files = (
				AC8804282063595D008D79F6 /* CourseCell.swift in Sources */,
				AC8803F9206329D8008D79F6 /* AppDelegate.swift in Sources */,
				AC88042D2063636C008D79F6 /* CollectionViewCell.swift in Sources */,
				AC88042620635334008D79F6 /* TopicVC.swift in Sources */,
				AC8804242063513F008D79F6 /* HomeVCCell.swift in Sources */,
				AC88041B20632A6D008D79F6 /* HomeVC.swift in Sources */,
				AC88043320647ECB008D79F6 /* TutorialTextCell.swift in Sources */,
				AC88041E20632EE3008D79F6 /* GradientView.swift in Sources */,
				AC88043520647EF0008D79F6 /* TuorialTableViewCell.swift in Sources */,
				AC88042F20636535008D79F6 /* UIView.swift in Sources */,
				AC8804312064775F008D79F6 /* TutorialVC.swift in Sources */,
				AC88042B20636104008D79F6 /* UIImage.swift in Sources */,
			);
			runOnlyForDeploymentPostprocessing = 0;
		};
		AC880405206329D8008D79F6 /* Sources */ = {
			isa = PBXSourcesBuildPhase;
			buildActionMask = 2147483647;
			files = (
				AC88040E206329D8008D79F6 /* WeLearnTests.swift in Sources */,
			);
			runOnlyForDeploymentPostprocessing = 0;
		};
/* End PBXSourcesBuildPhase section */

/* Begin PBXTargetDependency section */
		AC88040B206329D8008D79F6 /* PBXTargetDependency */ = {
			isa = PBXTargetDependency;
			target = AC8803F4206329D8008D79F6 /* WeLearn */;
			targetProxy = AC88040A206329D8008D79F6 /* PBXContainerItemProxy */;
		};
/* End PBXTargetDependency section */

/* Begin PBXVariantGroup section */
		AC8803FC206329D8008D79F6 /* Main.storyboard */ = {
			isa = PBXVariantGroup;
			children = (
				AC8803FD206329D8008D79F6 /* Base */,
			);
			name = Main.storyboard;
			sourceTree = "<group>";
		};
		AC880401206329D8008D79F6 /* LaunchScreen.storyboard */ = {
			isa = PBXVariantGroup;
			children = (
				AC880402206329D8008D79F6 /* Base */,
			);
			name = LaunchScreen.storyboard;
			sourceTree = "<group>";
		};
/* End PBXVariantGroup section */

/* Begin XCBuildConfiguration section */
		AC880410206329D9008D79F6 /* Debug */ = {
			isa = XCBuildConfiguration;
			buildSettings = {
				ALWAYS_SEARCH_USER_PATHS = NO;
				CLANG_ANALYZER_NONNULL = YES;
				CLANG_ANALYZER_NUMBER_OBJECT_CONVERSION = YES_AGGRESSIVE;
				CLANG_CXX_LANGUAGE_STANDARD = "gnu++14";
				CLANG_CXX_LIBRARY = "libc++";
				CLANG_ENABLE_MODULES = YES;
				CLANG_ENABLE_OBJC_ARC = YES;
				CLANG_WARN_BLOCK_CAPTURE_AUTORELEASING = YES;
				CLANG_WARN_BOOL_CONVERSION = YES;
				CLANG_WARN_COMMA = YES;
				CLANG_WARN_CONSTANT_CONVERSION = YES;
				CLANG_WARN_DIRECT_OBJC_ISA_USAGE = YES_ERROR;
				CLANG_WARN_DOCUMENTATION_COMMENTS = YES;
				CLANG_WARN_EMPTY_BODY = YES;
				CLANG_WARN_ENUM_CONVERSION = YES;
				CLANG_WARN_INFINITE_RECURSION = YES;
				CLANG_WARN_INT_CONVERSION = YES;
				CLANG_WARN_NON_LITERAL_NULL_CONVERSION = YES;
				CLANG_WARN_OBJC_LITERAL_CONVERSION = YES;
				CLANG_WARN_OBJC_ROOT_CLASS = YES_ERROR;
				CLANG_WARN_RANGE_LOOP_ANALYSIS = YES;
				CLANG_WARN_STRICT_PROTOTYPES = YES;
				CLANG_WARN_SUSPICIOUS_MOVE = YES;
				CLANG_WARN_UNGUARDED_AVAILABILITY = YES_AGGRESSIVE;
				CLANG_WARN_UNREACHABLE_CODE = YES;
				CLANG_WARN__DUPLICATE_METHOD_MATCH = YES;
				CODE_SIGN_IDENTITY = "iPhone Developer";
				COPY_PHASE_STRIP = NO;
				DEBUG_INFORMATION_FORMAT = dwarf;
				ENABLE_STRICT_OBJC_MSGSEND = YES;
				ENABLE_TESTABILITY = YES;
				GCC_C_LANGUAGE_STANDARD = gnu11;
				GCC_DYNAMIC_NO_PIC = NO;
				GCC_NO_COMMON_BLOCKS = YES;
				GCC_OPTIMIZATION_LEVEL = 0;
				GCC_PREPROCESSOR_DEFINITIONS = (
					"DEBUG=1",
					"$(inherited)",
				);
				GCC_WARN_64_TO_32_BIT_CONVERSION = YES;
				GCC_WARN_ABOUT_RETURN_TYPE = YES_ERROR;
				GCC_WARN_UNDECLARED_SELECTOR = YES;
				GCC_WARN_UNINITIALIZED_AUTOS = YES_AGGRESSIVE;
				GCC_WARN_UNUSED_FUNCTION = YES;
				GCC_WARN_UNUSED_VARIABLE = YES;
				IPHONEOS_DEPLOYMENT_TARGET = 11.2;
				MTL_ENABLE_DEBUG_INFO = YES;
				ONLY_ACTIVE_ARCH = YES;
				SDKROOT = iphoneos;
				SWIFT_ACTIVE_COMPILATION_CONDITIONS = DEBUG;
				SWIFT_OPTIMIZATION_LEVEL = "-Onone";
			};
			name = Debug;
		};
		AC880411206329D9008D79F6 /* Release */ = {
			isa = XCBuildConfiguration;
			buildSettings = {
				ALWAYS_SEARCH_USER_PATHS = NO;
				CLANG_ANALYZER_NONNULL = YES;
				CLANG_ANALYZER_NUMBER_OBJECT_CONVERSION = YES_AGGRESSIVE;
				CLANG_CXX_LANGUAGE_STANDARD = "gnu++14";
				CLANG_CXX_LIBRARY = "libc++";
				CLANG_ENABLE_MODULES = YES;
				CLANG_ENABLE_OBJC_ARC = YES;
				CLANG_WARN_BLOCK_CAPTURE_AUTORELEASING = YES;
				CLANG_WARN_BOOL_CONVERSION = YES;
				CLANG_WARN_COMMA = YES;
				CLANG_WARN_CONSTANT_CONVERSION = YES;
				CLANG_WARN_DIRECT_OBJC_ISA_USAGE = YES_ERROR;
				CLANG_WARN_DOCUMENTATION_COMMENTS = YES;
				CLANG_WARN_EMPTY_BODY = YES;
				CLANG_WARN_ENUM_CONVERSION = YES;
				CLANG_WARN_INFINITE_RECURSION = YES;
				CLANG_WARN_INT_CONVERSION = YES;
				CLANG_WARN_NON_LITERAL_NULL_CONVERSION = YES;
				CLANG_WARN_OBJC_LITERAL_CONVERSION = YES;
				CLANG_WARN_OBJC_ROOT_CLASS = YES_ERROR;
				CLANG_WARN_RANGE_LOOP_ANALYSIS = YES;
				CLANG_WARN_STRICT_PROTOTYPES = YES;
				CLANG_WARN_SUSPICIOUS_MOVE = YES;
				CLANG_WARN_UNGUARDED_AVAILABILITY = YES_AGGRESSIVE;
				CLANG_WARN_UNREACHABLE_CODE = YES;
				CLANG_WARN__DUPLICATE_METHOD_MATCH = YES;
				CODE_SIGN_IDENTITY = "iPhone Developer";
				COPY_PHASE_STRIP = NO;
				DEBUG_INFORMATION_FORMAT = "dwarf-with-dsym";
				ENABLE_NS_ASSERTIONS = NO;
				ENABLE_STRICT_OBJC_MSGSEND = YES;
				GCC_C_LANGUAGE_STANDARD = gnu11;
				GCC_NO_COMMON_BLOCKS = YES;
				GCC_WARN_64_TO_32_BIT_CONVERSION = YES;
				GCC_WARN_ABOUT_RETURN_TYPE = YES_ERROR;
				GCC_WARN_UNDECLARED_SELECTOR = YES;
				GCC_WARN_UNINITIALIZED_AUTOS = YES_AGGRESSIVE;
				GCC_WARN_UNUSED_FUNCTION = YES;
				GCC_WARN_UNUSED_VARIABLE = YES;
				IPHONEOS_DEPLOYMENT_TARGET = 11.2;
				MTL_ENABLE_DEBUG_INFO = NO;
				SDKROOT = iphoneos;
				SWIFT_OPTIMIZATION_LEVEL = "-Owholemodule";
				VALIDATE_PRODUCT = YES;
			};
			name = Release;
		};
		AC880413206329D9008D79F6 /* Debug */ = {
			isa = XCBuildConfiguration;
			baseConfigurationReference = E0E6B1039CF27474FB80E516 /* Pods-WeLearn.debug.xcconfig */;
			buildSettings = {
				ASSETCATALOG_COMPILER_APPICON_NAME = AppIcon;
				CODE_SIGN_STYLE = Automatic;
				DEVELOPMENT_TEAM = U3FSDK5XFF;
				INFOPLIST_FILE = WeLearn/Info.plist;
				LD_RUNPATH_SEARCH_PATHS = "$(inherited) @executable_path/Frameworks";
				PRODUCT_BUNDLE_IDENTIFIER = com.aligorithm.WeLearn;
				PRODUCT_NAME = "$(TARGET_NAME)";
				SWIFT_VERSION = 4.0;
				TARGETED_DEVICE_FAMILY = "1,2";
			};
			name = Debug;
		};
		AC880414206329D9008D79F6 /* Release */ = {
			isa = XCBuildConfiguration;
			baseConfigurationReference = 14753AD3499E2980712C1AF1 /* Pods-WeLearn.release.xcconfig */;
			buildSettings = {
				ASSETCATALOG_COMPILER_APPICON_NAME = AppIcon;
				CODE_SIGN_STYLE = Automatic;
				DEVELOPMENT_TEAM = U3FSDK5XFF;
				INFOPLIST_FILE = WeLearn/Info.plist;
				LD_RUNPATH_SEARCH_PATHS = "$(inherited) @executable_path/Frameworks";
				PRODUCT_BUNDLE_IDENTIFIER = com.aligorithm.WeLearn;
				PRODUCT_NAME = "$(TARGET_NAME)";
				SWIFT_VERSION = 4.0;
				TARGETED_DEVICE_FAMILY = "1,2";
			};
			name = Release;
		};
		AC880416206329D9008D79F6 /* Debug */ = {
			isa = XCBuildConfiguration;
			baseConfigurationReference = 0C4383C3B96375C751515E33 /* Pods-WeLearnTests.debug.xcconfig */;
			buildSettings = {
				ALWAYS_EMBED_SWIFT_STANDARD_LIBRARIES = YES;
				BUNDLE_LOADER = "$(TEST_HOST)";
				CODE_SIGN_STYLE = Automatic;
				DEVELOPMENT_TEAM = U3FSDK5XFF;
				INFOPLIST_FILE = WeLearnTests/Info.plist;
				LD_RUNPATH_SEARCH_PATHS = "$(inherited) @executable_path/Frameworks @loader_path/Frameworks";
				PRODUCT_BUNDLE_IDENTIFIER = com.aligorithm.WeLearnTests;
				PRODUCT_NAME = "$(TARGET_NAME)";
				SWIFT_VERSION = 4.0;
				TARGETED_DEVICE_FAMILY = "1,2";
				TEST_HOST = "$(BUILT_PRODUCTS_DIR)/WeLearn.app/WeLearn";
			};
			name = Debug;
		};
		AC880417206329D9008D79F6 /* Release */ = {
			isa = XCBuildConfiguration;
			baseConfigurationReference = CC1EA0A655B68DE0E8B2782B /* Pods-WeLearnTests.release.xcconfig */;
			buildSettings = {
				ALWAYS_EMBED_SWIFT_STANDARD_LIBRARIES = YES;
				BUNDLE_LOADER = "$(TEST_HOST)";
				CODE_SIGN_STYLE = Automatic;
				DEVELOPMENT_TEAM = U3FSDK5XFF;
				INFOPLIST_FILE = WeLearnTests/Info.plist;
				LD_RUNPATH_SEARCH_PATHS = "$(inherited) @executable_path/Frameworks @loader_path/Frameworks";
				PRODUCT_BUNDLE_IDENTIFIER = com.aligorithm.WeLearnTests;
				PRODUCT_NAME = "$(TARGET_NAME)";
				SWIFT_VERSION = 4.0;
				TARGETED_DEVICE_FAMILY = "1,2";
				TEST_HOST = "$(BUILT_PRODUCTS_DIR)/WeLearn.app/WeLearn";
			};
			name = Release;
		};
/* End XCBuildConfiguration section */

/* Begin XCConfigurationList section */
		AC8803F0206329D8008D79F6 /* Build configuration list for PBXProject "WeLearn" */ = {
			isa = XCConfigurationList;
			buildConfigurations = (
				AC880410206329D9008D79F6 /* Debug */,
				AC880411206329D9008D79F6 /* Release */,
			);
			defaultConfigurationIsVisible = 0;
			defaultConfigurationName = Release;
		};
		AC880412206329D9008D79F6 /* Build configuration list for PBXNativeTarget "WeLearn" */ = {
			isa = XCConfigurationList;
			buildConfigurations = (
				AC880413206329D9008D79F6 /* Debug */,
				AC880414206329D9008D79F6 /* Release */,
			);
			defaultConfigurationIsVisible = 0;
			defaultConfigurationName = Release;
		};
		AC880415206329D9008D79F6 /* Build configuration list for PBXNativeTarget "WeLearnTests" */ = {
			isa = XCConfigurationList;
			buildConfigurations = (
				AC880416206329D9008D79F6 /* Debug */,
				AC880417206329D9008D79F6 /* Release */,
			);
			defaultConfigurationIsVisible = 0;
			defaultConfigurationName = Release;
		};
/* End XCConfigurationList section */
	};
	rootObject = AC8803ED206329D8008D79F6 /* Project object */;
}
